
Microsoft Visual Studio Solution File, Format Version 12.00
Project("{FAE04EC0-301F-11D3-BF4B-00C04F79EFBC}") = "Watcher", "Watcher.csproj", "{C825D207-74B4-45ED-A142-384B6BFBA306}"
EndProject
Project("{FAE04EC0-301F-11D3-BF4B-00C04F79EFBC}") = "Library", "..\Library\Library.csproj", "{11402FE0-88CC-478C-A0F3-3F23628A9D33}"
EndProject
Global
	GlobalSection(SolutionConfigurationPlatforms) = preSolution
		Debug|Any CPU = Debug|Any CPU
		Release|Any CPU = Release|Any CPU
	EndGlobalSection
	GlobalSection(ProjectConfigurationPlatforms) = postSolution
		{C825D207-74B4-45ED-A142-384B6BFBA306}.Debug|Any CPU.ActiveCfg = Debug|Any CPU
		{C825D207-74B4-45ED-A142-384B6BFBA306}.Debug|Any CPU.Build.0 = Debug|Any CPU
		{C825D207-74B4-45ED-A142-384B6BFBA306}.Release|Any CPU.ActiveCfg = Release|Any CPU
		{C825D207-74B4-45ED-A142-384B6BFBA306}.Release|Any CPU.Build.0 = Release|Any CPU
		{11402FE0-88CC-478C-A0F3-3F23628A9D33}.Debug|Any CPU.ActiveCfg = Debug|Any CPU
		{11402FE0-88CC-478C-A0F3-3F23628A9D33}.Debug|Any CPU.Build.0 = Debug|Any CPU
		{11402FE0-88CC-478C-A0F3-3F23628A9D33}.Release|Any CPU.ActiveCfg = Release|Any CPU
		{11402FE0-88CC-478C-A0F3-3F23628A9D33}.Release|Any CPU.Build.0 = Release|Any CPU
	EndGlobalSection
EndGlobal
